
Microsoft Visual Studio Solution File, Format Version 12.00
Project("{FAE04EC0-301F-11D3-BF4B-00C04F79EFBC}") = "LoldleTR_Backend", "LoldleTR_Backend\LoldleTR_Backend.csproj", "{BD05704C-902F-418A-BAAF-0CBE3C4D96A9}"
EndProject
Global
	GlobalSection(SolutionConfigurationPlatforms) = preSolution
		Debug|Any CPU = Debug|Any CPU
		Release|Any CPU = Release|Any CPU
	EndGlobalSection
	GlobalSection(ProjectConfigurationPlatforms) = postSolution
		{BD05704C-902F-418A-BAAF-0CBE3C4D96A9}.Debug|Any CPU.ActiveCfg = Debug|Any CPU
		{BD05704C-902F-418A-BAAF-0CBE3C4D96A9}.Debug|Any CPU.Build.0 = Debug|Any CPU
		{BD05704C-902F-418A-BAAF-0CBE3C4D96A9}.Release|Any CPU.ActiveCfg = Release|Any CPU
		{BD05704C-902F-418A-BAAF-0CBE3C4D96A9}.Release|Any CPU.Build.0 = Release|Any CPU
	EndGlobalSection
EndGlobal
